
Microsoft Visual Studio Solution File, Format Version 12.00
# Visual Studio Version 16
VisualStudioVersion = 16.0.31129.286
MinimumVisualStudioVersion = 10.0.40219.1
Project("{FAE04EC0-301F-11D3-BF4B-00C04F79EFBC}") = "BookstoreProject", "BookstoreProject\BookstoreProject.csproj", "{4520B9BE-F36E-4440-9EA0-6CAE51F300DF}"
EndProject
Global
	GlobalSection(SolutionConfigurationPlatforms) = preSolution
		Debug|Any CPU = Debug|Any CPU
		Release|Any CPU = Release|Any CPU
	EndGlobalSection
	GlobalSection(ProjectConfigurationPlatforms) = postSolution
		{4520B9BE-F36E-4440-9EA0-6CAE51F300DF}.Debug|Any CPU.ActiveCfg = Debug|Any CPU
		{4520B9BE-F36E-4440-9EA0-6CAE51F300DF}.Debug|Any CPU.Build.0 = Debug|Any CPU
		{4520B9BE-F36E-4440-9EA0-6CAE51F300DF}.Release|Any CPU.ActiveCfg = Release|Any CPU
		{4520B9BE-F36E-4440-9EA0-6CAE51F300DF}.Release|Any CPU.Build.0 = Release|Any CPU
	EndGlobalSection
	GlobalSection(SolutionProperties) = preSolution
		HideSolutionNode = FALSE
	EndGlobalSection
	GlobalSection(ExtensibilityGlobals) = postSolution
		SolutionGuid = {EED6C1D4-4164-470E-8C8C-5BC45DADD1AB}
	EndGlobalSection
EndGlobal
